
Microsoft Visual Studio Solution File, Format Version 12.00
# Visual Studio Version 17
VisualStudioVersion = 17.9.34728.123
MinimumVisualStudioVersion = 10.0.40219.1
Project("{2150E333-8FDC-42A3-9474-1A3956D46DE8}") = "src", "src", "{C6236F02-9B1C-4462-8869-1F7D8270E720}"
EndProject
Project("{2150E333-8FDC-42A3-9474-1A3956D46DE8}") = "test", "test", "{00DCDB4B-AC70-4A9E-9782-8012F9288AE2}"
EndProject
Project("{FAE04EC0-301F-11D3-BF4B-00C04F79EFBC}") = "Bookify.Domain", "Bookify.Domain\Bookify.Domain.csproj", "{0679AE47-4597-4A64-B75B-87BEB8A3E7FD}"
EndProject
Global
	GlobalSection(SolutionConfigurationPlatforms) = preSolution
		Debug|Any CPU = Debug|Any CPU
		Release|Any CPU = Release|Any CPU
	EndGlobalSection
	GlobalSection(ProjectConfigurationPlatforms) = postSolution
		{0679AE47-4597-4A64-B75B-87BEB8A3E7FD}.Debug|Any CPU.ActiveCfg = Debug|Any CPU
		{0679AE47-4597-4A64-B75B-87BEB8A3E7FD}.Debug|Any CPU.Build.0 = Debug|Any CPU
		{0679AE47-4597-4A64-B75B-87BEB8A3E7FD}.Release|Any CPU.ActiveCfg = Release|Any CPU
		{0679AE47-4597-4A64-B75B-87BEB8A3E7FD}.Release|Any CPU.Build.0 = Release|Any CPU
	EndGlobalSection
	GlobalSection(SolutionProperties) = preSolution
		HideSolutionNode = FALSE
	EndGlobalSection
	GlobalSection(NestedProjects) = preSolution
		{0679AE47-4597-4A64-B75B-87BEB8A3E7FD} = {C6236F02-9B1C-4462-8869-1F7D8270E720}
	EndGlobalSection
	GlobalSection(ExtensibilityGlobals) = postSolution
		SolutionGuid = {CC193384-7FFA-43DB-964D-2E04E4AECCF5}
	EndGlobalSection
EndGlobal
