
Microsoft Visual Studio Solution File, Format Version 12.00
# Visual Studio Version 17
VisualStudioVersion = 17.9.34728.123
MinimumVisualStudioVersion = 10.0.40219.1
Project("{2150E333-8FDC-42A3-9474-1A3956D46DE8}") = "src", "src", "{C6236F02-9B1C-4462-8869-1F7D8270E720}"
EndProject
Project("{2150E333-8FDC-42A3-9474-1A3956D46DE8}") = "test", "test", "{00DCDB4B-AC70-4A9E-9782-8012F9288AE2}"
EndProject
Project("{9A19103F-16F7-4668-BE54-9A1E7A4F7556}") = "Bookify.Domain", "Bookify.Domain\Bookify.Domain.csproj", "{0679AE47-4597-4A64-B75B-87BEB8A3E7FD}"
EndProject
Project("{9A19103F-16F7-4668-BE54-9A1E7A4F7556}") = "Bookify.Application", "Bookify.Application\Bookify.Application.csproj", "{B219BB1A-010C-4DB4-91DD-CCE3A17809F6}"
EndProject
Project("{9A19103F-16F7-4668-BE54-9A1E7A4F7556}") = "Bookify.Infrastructure", "Bookify.Infrastructure\Bookify.Infrastructure.csproj", "{8BEB78F1-EC63-4738-A767-4BE466283C1F}"
EndProject
Project("{9A19103F-16F7-4668-BE54-9A1E7A4F7556}") = "Bookify.Api", "Bookify.Api\Bookify.Api.csproj", "{C896B0B1-38D6-4B63-A0BC-D9AF5617A7FF}"
EndProject
Project("{E53339B2-1760-4266-BCC7-CA923CBCF16C}") = "docker-compose", "docker-compose.dcproj", "{2AFEFBB9-B089-4148-8D93-9434CB40BD91}"
EndProject
Global
	GlobalSection(SolutionConfigurationPlatforms) = preSolution
		Debug|Any CPU = Debug|Any CPU
		Release|Any CPU = Release|Any CPU
	EndGlobalSection
	GlobalSection(ProjectConfigurationPlatforms) = postSolution
		{0679AE47-4597-4A64-B75B-87BEB8A3E7FD}.Debug|Any CPU.ActiveCfg = Debug|Any CPU
		{0679AE47-4597-4A64-B75B-87BEB8A3E7FD}.Debug|Any CPU.Build.0 = Debug|Any CPU
		{0679AE47-4597-4A64-B75B-87BEB8A3E7FD}.Release|Any CPU.ActiveCfg = Release|Any CPU
		{0679AE47-4597-4A64-B75B-87BEB8A3E7FD}.Release|Any CPU.Build.0 = Release|Any CPU
		{B219BB1A-010C-4DB4-91DD-CCE3A17809F6}.Debug|Any CPU.ActiveCfg = Debug|Any CPU
		{B219BB1A-010C-4DB4-91DD-CCE3A17809F6}.Debug|Any CPU.Build.0 = Debug|Any CPU
		{B219BB1A-010C-4DB4-91DD-CCE3A17809F6}.Release|Any CPU.ActiveCfg = Release|Any CPU
		{B219BB1A-010C-4DB4-91DD-CCE3A17809F6}.Release|Any CPU.Build.0 = Release|Any CPU
		{8BEB78F1-EC63-4738-A767-4BE466283C1F}.Debug|Any CPU.ActiveCfg = Debug|Any CPU
		{8BEB78F1-EC63-4738-A767-4BE466283C1F}.Debug|Any CPU.Build.0 = Debug|Any CPU
		{8BEB78F1-EC63-4738-A767-4BE466283C1F}.Release|Any CPU.ActiveCfg = Release|Any CPU
		{8BEB78F1-EC63-4738-A767-4BE466283C1F}.Release|Any CPU.Build.0 = Release|Any CPU
		{C896B0B1-38D6-4B63-A0BC-D9AF5617A7FF}.Debug|Any CPU.ActiveCfg = Debug|Any CPU
		{C896B0B1-38D6-4B63-A0BC-D9AF5617A7FF}.Debug|Any CPU.Build.0 = Debug|Any CPU
		{C896B0B1-38D6-4B63-A0BC-D9AF5617A7FF}.Release|Any CPU.ActiveCfg = Release|Any CPU
		{C896B0B1-38D6-4B63-A0BC-D9AF5617A7FF}.Release|Any CPU.Build.0 = Release|Any CPU
		{2AFEFBB9-B089-4148-8D93-9434CB40BD91}.Debug|Any CPU.ActiveCfg = Debug|Any CPU
		{2AFEFBB9-B089-4148-8D93-9434CB40BD91}.Debug|Any CPU.Build.0 = Debug|Any CPU
		{2AFEFBB9-B089-4148-8D93-9434CB40BD91}.Release|Any CPU.ActiveCfg = Release|Any CPU
		{2AFEFBB9-B089-4148-8D93-9434CB40BD91}.Release|Any CPU.Build.0 = Release|Any CPU
	EndGlobalSection
	GlobalSection(SolutionProperties) = preSolution
		HideSolutionNode = FALSE
	EndGlobalSection
	GlobalSection(NestedProjects) = preSolution
		{0679AE47-4597-4A64-B75B-87BEB8A3E7FD} = {C6236F02-9B1C-4462-8869-1F7D8270E720}
		{B219BB1A-010C-4DB4-91DD-CCE3A17809F6} = {C6236F02-9B1C-4462-8869-1F7D8270E720}
		{8BEB78F1-EC63-4738-A767-4BE466283C1F} = {C6236F02-9B1C-4462-8869-1F7D8270E720}
		{C896B0B1-38D6-4B63-A0BC-D9AF5617A7FF} = {C6236F02-9B1C-4462-8869-1F7D8270E720}
	EndGlobalSection
	GlobalSection(ExtensibilityGlobals) = postSolution
		SolutionGuid = {CC193384-7FFA-43DB-964D-2E04E4AECCF5}
	EndGlobalSection
EndGlobal
